{
  "pins" : [
    {
      "identity" : "novacore",
      "kind" : "remoteSourceControl",
      "location" : "https://github.com/CarsonAurum/NovaCore",
      "state" : {
        "branch" : "main",
        "revision" : "72f66e60e14b842d77e2f3fe4e4a4c74a08582c7"
      }
    },
    {
      "identity" : "swift-numerics",
      "kind" : "remoteSourceControl",
      "location" : "https://github.com/apple/swift-numerics",
      "state" : {
        "branch" : "main",
        "revision" : "97c716ba37f8c79ed5ae20f9fd3c378360bd3cce"
      }
    }
  ],
  "version" : 2
}
