// !$*UTF8*$!
{
	archiveVersion = 1;
	classes = {
	};
	objectVersion = 56;
	objects = {

/* Begin PBXBuildFile section */
		E531825729C93438004A9793 /* DataSimApp.swift in Sources */ = {isa = PBXBuildFile; fileRef = E531825629C93438004A9793 /* DataSimApp.swift */; };
		E531825929C93438004A9793 /* MainView.swift in Sources */ = {isa = PBXBuildFile; fileRef = E531825829C93438004A9793 /* MainView.swift */; };
		E531825B29C93439004A9793 /* Assets.xcassets in Resources */ = {isa = PBXBuildFile; fileRef = E531825A29C93439004A9793 /* Assets.xcassets */; };
		E531825F29C93439004A9793 /* Preview Assets.xcassets in Resources */ = {isa = PBXBuildFile; fileRef = E531825E29C93439004A9793 /* Preview Assets.xcassets */; };
		E531826929C9343A004A9793 /* DataSimTests.swift in Sources */ = {isa = PBXBuildFile; fileRef = E531826829C9343A004A9793 /* DataSimTests.swift */; };
		E531827329C9343A004A9793 /* DataSimUITests.swift in Sources */ = {isa = PBXBuildFile; fileRef = E531827229C9343A004A9793 /* DataSimUITests.swift */; };
		E531827529C9343A004A9793 /* DataSimUITestsLaunchTests.swift in Sources */ = {isa = PBXBuildFile; fileRef = E531827429C9343A004A9793 /* DataSimUITestsLaunchTests.swift */; };
		E531828429C9354E004A9793 /* ALUShape.swift in Sources */ = {isa = PBXBuildFile; fileRef = E531828329C9354E004A9793 /* ALUShape.swift */; };
		E538518829CB5C2000CF59DA /* AdderLineView.swift in Sources */ = {isa = PBXBuildFile; fileRef = E538518729CB5C2000CF59DA /* AdderLineView.swift */; };
		E538518A29CB65C200CF59DA /* ALUView.swift in Sources */ = {isa = PBXBuildFile; fileRef = E538518929CB65C200CF59DA /* ALUView.swift */; };
		E54F8B6429DB38EB00022498 /* WorkbenchView.swift in Sources */ = {isa = PBXBuildFile; fileRef = E54F8B6329DB38EB00022498 /* WorkbenchView.swift */; };
		E54F8B6629DB3CB600022498 /* OptionsView.swift in Sources */ = {isa = PBXBuildFile; fileRef = E54F8B6529DB3CB600022498 /* OptionsView.swift */; };
		E54F8B6829DB3D1F00022498 /* HelpView.swift in Sources */ = {isa = PBXBuildFile; fileRef = E54F8B6729DB3D1F00022498 /* HelpView.swift */; };
		E54F8B6A29DB3D5B00022498 /* CreditsView.swift in Sources */ = {isa = PBXBuildFile; fileRef = E54F8B6929DB3D5B00022498 /* CreditsView.swift */; };
		E54F8B6C29DBAF5000022498 /* DatapathComponent.swift in Sources */ = {isa = PBXBuildFile; fileRef = E54F8B6B29DBAF5000022498 /* DatapathComponent.swift */; };
		E54F8B6E29DDFD7300022498 /* MuxView.swift in Sources */ = {isa = PBXBuildFile; fileRef = E54F8B6D29DDFD7300022498 /* MuxView.swift */; };
		E54F8B7029DE037200022498 /* SignExtenderView.swift in Sources */ = {isa = PBXBuildFile; fileRef = E54F8B6F29DE037200022498 /* SignExtenderView.swift */; };
		E54F8B7429DE098D00022498 /* ALU.swift in Sources */ = {isa = PBXBuildFile; fileRef = E54F8B7329DE098C00022498 /* ALU.swift */; };
		E54F8B7629DE0A4300022498 /* DatapathElement.swift in Sources */ = {isa = PBXBuildFile; fileRef = E54F8B7529DE0A4300022498 /* DatapathElement.swift */; };
		E54F8B7A29DE58F100022498 /* DatapathElementView.swift in Sources */ = {isa = PBXBuildFile; fileRef = E54F8B7929DE58F100022498 /* DatapathElementView.swift */; };
		E54F8B7E29DF381600022498 /* NovaCore in Frameworks */ = {isa = PBXBuildFile; productRef = E54F8B7D29DF381600022498 /* NovaCore */; };
		E574627129CB69E7005A3434 /* Processor.swift in Sources */ = {isa = PBXBuildFile; fileRef = E574627029CB69E7005A3434 /* Processor.swift */; };
		E574627429CB6AA6005A3434 /* Instruction.swift in Sources */ = {isa = PBXBuildFile; fileRef = E574627329CB6AA6005A3434 /* Instruction.swift */; };
/* End PBXBuildFile section */

/* Begin PBXContainerItemProxy section */
		E531826529C9343A004A9793 /* PBXContainerItemProxy */ = {
			isa = PBXContainerItemProxy;
			containerPortal = E531824B29C93438004A9793 /* Project object */;
			proxyType = 1;
			remoteGlobalIDString = E531825229C93438004A9793;
			remoteInfo = DataSim;
		};
		E531826F29C9343A004A9793 /* PBXContainerItemProxy */ = {
			isa = PBXContainerItemProxy;
			containerPortal = E531824B29C93438004A9793 /* Project object */;
			proxyType = 1;
			remoteGlobalIDString = E531825229C93438004A9793;
			remoteInfo = DataSim;
		};
/* End PBXContainerItemProxy section */

/* Begin PBXFileReference section */
		E531825329C93438004A9793 /* DataSim.app */ = {isa = PBXFileReference; explicitFileType = wrapper.application; includeInIndex = 0; path = DataSim.app; sourceTree = BUILT_PRODUCTS_DIR; };
		E531825629C93438004A9793 /* DataSimApp.swift */ = {isa = PBXFileReference; lastKnownFileType = sourcecode.swift; path = DataSimApp.swift; sourceTree = "<group>"; };
		E531825829C93438004A9793 /* MainView.swift */ = {isa = PBXFileReference; lastKnownFileType = sourcecode.swift; path = MainView.swift; sourceTree = "<group>"; };
		E531825A29C93439004A9793 /* Assets.xcassets */ = {isa = PBXFileReference; lastKnownFileType = folder.assetcatalog; path = Assets.xcassets; sourceTree = "<group>"; };
		E531825C29C93439004A9793 /* DataSim.entitlements */ = {isa = PBXFileReference; lastKnownFileType = text.plist.entitlements; path = DataSim.entitlements; sourceTree = "<group>"; };
		E531825E29C93439004A9793 /* Preview Assets.xcassets */ = {isa = PBXFileReference; lastKnownFileType = folder.assetcatalog; path = "Preview Assets.xcassets"; sourceTree = "<group>"; };
		E531826429C9343A004A9793 /* DataSimTests.xctest */ = {isa = PBXFileReference; explicitFileType = wrapper.cfbundle; includeInIndex = 0; path = DataSimTests.xctest; sourceTree = BUILT_PRODUCTS_DIR; };
		E531826829C9343A004A9793 /* DataSimTests.swift */ = {isa = PBXFileReference; lastKnownFileType = sourcecode.swift; path = DataSimTests.swift; sourceTree = "<group>"; };
		E531826E29C9343A004A9793 /* DataSimUITests.xctest */ = {isa = PBXFileReference; explicitFileType = wrapper.cfbundle; includeInIndex = 0; path = DataSimUITests.xctest; sourceTree = BUILT_PRODUCTS_DIR; };
		E531827229C9343A004A9793 /* DataSimUITests.swift */ = {isa = PBXFileReference; lastKnownFileType = sourcecode.swift; path = DataSimUITests.swift; sourceTree = "<group>"; };
		E531827429C9343A004A9793 /* DataSimUITestsLaunchTests.swift */ = {isa = PBXFileReference; lastKnownFileType = sourcecode.swift; path = DataSimUITestsLaunchTests.swift; sourceTree = "<group>"; };
		E531828329C9354E004A9793 /* ALUShape.swift */ = {isa = PBXFileReference; lastKnownFileType = sourcecode.swift; path = ALUShape.swift; sourceTree = "<group>"; };
		E538518729CB5C2000CF59DA /* AdderLineView.swift */ = {isa = PBXFileReference; lastKnownFileType = sourcecode.swift; path = AdderLineView.swift; sourceTree = "<group>"; };
		E538518929CB65C200CF59DA /* ALUView.swift */ = {isa = PBXFileReference; lastKnownFileType = sourcecode.swift; path = ALUView.swift; sourceTree = "<group>"; };
		E54F8B6329DB38EB00022498 /* WorkbenchView.swift */ = {isa = PBXFileReference; lastKnownFileType = sourcecode.swift; path = WorkbenchView.swift; sourceTree = "<group>"; };
		E54F8B6529DB3CB600022498 /* OptionsView.swift */ = {isa = PBXFileReference; lastKnownFileType = sourcecode.swift; path = OptionsView.swift; sourceTree = "<group>"; };
		E54F8B6729DB3D1F00022498 /* HelpView.swift */ = {isa = PBXFileReference; lastKnownFileType = sourcecode.swift; path = HelpView.swift; sourceTree = "<group>"; };
		E54F8B6929DB3D5B00022498 /* CreditsView.swift */ = {isa = PBXFileReference; lastKnownFileType = sourcecode.swift; path = CreditsView.swift; sourceTree = "<group>"; };
		E54F8B6B29DBAF5000022498 /* DatapathComponent.swift */ = {isa = PBXFileReference; lastKnownFileType = sourcecode.swift; path = DatapathComponent.swift; sourceTree = "<group>"; };
		E54F8B6D29DDFD7300022498 /* MuxView.swift */ = {isa = PBXFileReference; lastKnownFileType = sourcecode.swift; path = MuxView.swift; sourceTree = "<group>"; };
		E54F8B6F29DE037200022498 /* SignExtenderView.swift */ = {isa = PBXFileReference; lastKnownFileType = sourcecode.swift; path = SignExtenderView.swift; sourceTree = "<group>"; };
		E54F8B7329DE098C00022498 /* ALU.swift */ = {isa = PBXFileReference; lastKnownFileType = sourcecode.swift; path = ALU.swift; sourceTree = "<group>"; };
		E54F8B7529DE0A4300022498 /* DatapathElement.swift */ = {isa = PBXFileReference; lastKnownFileType = sourcecode.swift; path = DatapathElement.swift; sourceTree = "<group>"; };
		E54F8B7929DE58F100022498 /* DatapathElementView.swift */ = {isa = PBXFileReference; lastKnownFileType = sourcecode.swift; path = DatapathElementView.swift; sourceTree = "<group>"; };
		E574627029CB69E7005A3434 /* Processor.swift */ = {isa = PBXFileReference; lastKnownFileType = sourcecode.swift; path = Processor.swift; sourceTree = "<group>"; };
		E574627329CB6AA6005A3434 /* Instruction.swift */ = {isa = PBXFileReference; lastKnownFileType = sourcecode.swift; path = Instruction.swift; sourceTree = "<group>"; };
/* End PBXFileReference section */

/* Begin PBXFrameworksBuildPhase section */
		E531825029C93438004A9793 /* Frameworks */ = {
			isa = PBXFrameworksBuildPhase;
			buildActionMask = 2147483647;
			files = (
				E54F8B7E29DF381600022498 /* NovaCore in Frameworks */,
			);
			runOnlyForDeploymentPostprocessing = 0;
		};
		E531826129C9343A004A9793 /* Frameworks */ = {
			isa = PBXFrameworksBuildPhase;
			buildActionMask = 2147483647;
			files = (
			);
			runOnlyForDeploymentPostprocessing = 0;
		};
		E531826B29C9343A004A9793 /* Frameworks */ = {
			isa = PBXFrameworksBuildPhase;
			buildActionMask = 2147483647;
			files = (
			);
			runOnlyForDeploymentPostprocessing = 0;
		};
/* End PBXFrameworksBuildPhase section */

/* Begin PBXGroup section */
		E531824A29C93438004A9793 = {
			isa = PBXGroup;
			children = (
				E531825529C93438004A9793 /* DataSim */,
				E531826729C9343A004A9793 /* DataSimTests */,
				E531827129C9343A004A9793 /* DataSimUITests */,
				E531825429C93438004A9793 /* Products */,
			);
			sourceTree = "<group>";
		};
		E531825429C93438004A9793 /* Products */ = {
			isa = PBXGroup;
			children = (
				E531825329C93438004A9793 /* DataSim.app */,
				E531826429C9343A004A9793 /* DataSimTests.xctest */,
				E531826E29C9343A004A9793 /* DataSimUITests.xctest */,
			);
			name = Products;
			sourceTree = "<group>";
		};
		E531825529C93438004A9793 /* DataSim */ = {
			isa = PBXGroup;
			children = (
				E531828229C934F8004A9793 /* App */,
				E54F8B7229DE090400022498 /* Datapath */,
				E574627229CB6A80005A3434 /* Processor */,
				E531828129C934EF004A9793 /* Views */,
				E531825A29C93439004A9793 /* Assets.xcassets */,
				E531825C29C93439004A9793 /* DataSim.entitlements */,
				E531825D29C93439004A9793 /* Preview Content */,
			);
			path = DataSim;
			sourceTree = "<group>";
		};
		E531825D29C93439004A9793 /* Preview Content */ = {
			isa = PBXGroup;
			children = (
				E531825E29C93439004A9793 /* Preview Assets.xcassets */,
			);
			path = "Preview Content";
			sourceTree = "<group>";
		};
		E531826729C9343A004A9793 /* DataSimTests */ = {
			isa = PBXGroup;
			children = (
				E531826829C9343A004A9793 /* DataSimTests.swift */,
			);
			path = DataSimTests;
			sourceTree = "<group>";
		};
		E531827129C9343A004A9793 /* DataSimUITests */ = {
			isa = PBXGroup;
			children = (
				E531827229C9343A004A9793 /* DataSimUITests.swift */,
				E531827429C9343A004A9793 /* DataSimUITestsLaunchTests.swift */,
			);
			path = DataSimUITests;
			sourceTree = "<group>";
		};
		E531828129C934EF004A9793 /* Views */ = {
			isa = PBXGroup;
			children = (
				E531828729C94165004A9793 /* Shapes */,
				E574626F29CB6929005A3434 /* Datapath */,
				E531825829C93438004A9793 /* MainView.swift */,
				E54F8B6329DB38EB00022498 /* WorkbenchView.swift */,
				E54F8B6529DB3CB600022498 /* OptionsView.swift */,
				E54F8B6729DB3D1F00022498 /* HelpView.swift */,
				E54F8B6929DB3D5B00022498 /* CreditsView.swift */,
			);
			path = Views;
			sourceTree = "<group>";
		};
		E531828229C934F8004A9793 /* App */ = {
			isa = PBXGroup;
			children = (
				E531825629C93438004A9793 /* DataSimApp.swift */,
			);
			path = App;
			sourceTree = "<group>";
		};
		E531828729C94165004A9793 /* Shapes */ = {
			isa = PBXGroup;
			children = (
				E531828329C9354E004A9793 /* ALUShape.swift */,
			);
			path = Shapes;
			sourceTree = "<group>";
		};
		E54F8B7229DE090400022498 /* Datapath */ = {
			isa = PBXGroup;
			children = (
				E54F8B6B29DBAF5000022498 /* DatapathComponent.swift */,
				E54F8B7329DE098C00022498 /* ALU.swift */,
				E54F8B7529DE0A4300022498 /* DatapathElement.swift */,
			);
			path = Datapath;
			sourceTree = "<group>";
		};
		E574626F29CB6929005A3434 /* Datapath */ = {
			isa = PBXGroup;
			children = (
				E538518729CB5C2000CF59DA /* AdderLineView.swift */,
				E538518929CB65C200CF59DA /* ALUView.swift */,
				E54F8B6D29DDFD7300022498 /* MuxView.swift */,
				E54F8B6F29DE037200022498 /* SignExtenderView.swift */,
				E54F8B7929DE58F100022498 /* DatapathElementView.swift */,
			);
			path = Datapath;
			sourceTree = "<group>";
		};
		E574627229CB6A80005A3434 /* Processor */ = {
			isa = PBXGroup;
			children = (
				E574627029CB69E7005A3434 /* Processor.swift */,
				E574627329CB6AA6005A3434 /* Instruction.swift */,
			);
			path = Processor;
			sourceTree = "<group>";
		};
/* End PBXGroup section */

/* Begin PBXNativeTarget section */
		E531825229C93438004A9793 /* DataSim */ = {
			isa = PBXNativeTarget;
			buildConfigurationList = E531827829C9343A004A9793 /* Build configuration list for PBXNativeTarget "DataSim" */;
			buildPhases = (
				E531824F29C93438004A9793 /* Sources */,
				E531825029C93438004A9793 /* Frameworks */,
				E531825129C93438004A9793 /* Resources */,
			);
			buildRules = (
			);
			dependencies = (
			);
			name = DataSim;
			packageProductDependencies = (
				E54F8B7D29DF381600022498 /* NovaCore */,
			);
			productName = DataSim;
			productReference = E531825329C93438004A9793 /* DataSim.app */;
			productType = "com.apple.product-type.application";
		};
		E531826329C9343A004A9793 /* DataSimTests */ = {
			isa = PBXNativeTarget;
			buildConfigurationList = E531827B29C9343A004A9793 /* Build configuration list for PBXNativeTarget "DataSimTests" */;
			buildPhases = (
				E531826029C9343A004A9793 /* Sources */,
				E531826129C9343A004A9793 /* Frameworks */,
				E531826229C9343A004A9793 /* Resources */,
			);
			buildRules = (
			);
			dependencies = (
				E531826629C9343A004A9793 /* PBXTargetDependency */,
			);
			name = DataSimTests;
			productName = DataSimTests;
			productReference = E531826429C9343A004A9793 /* DataSimTests.xctest */;
			productType = "com.apple.product-type.bundle.unit-test";
		};
		E531826D29C9343A004A9793 /* DataSimUITests */ = {
			isa = PBXNativeTarget;
			buildConfigurationList = E531827E29C9343A004A9793 /* Build configuration list for PBXNativeTarget "DataSimUITests" */;
			buildPhases = (
				E531826A29C9343A004A9793 /* Sources */,
				E531826B29C9343A004A9793 /* Frameworks */,
				E531826C29C9343A004A9793 /* Resources */,
			);
			buildRules = (
			);
			dependencies = (
				E531827029C9343A004A9793 /* PBXTargetDependency */,
			);
			name = DataSimUITests;
			productName = DataSimUITests;
			productReference = E531826E29C9343A004A9793 /* DataSimUITests.xctest */;
			productType = "com.apple.product-type.bundle.ui-testing";
		};
/* End PBXNativeTarget section */

/* Begin PBXProject section */
		E531824B29C93438004A9793 /* Project object */ = {
			isa = PBXProject;
			attributes = {
				BuildIndependentTargetsInParallel = 1;
				LastSwiftUpdateCheck = 1420;
				LastUpgradeCheck = 1420;
				TargetAttributes = {
					E531825229C93438004A9793 = {
						CreatedOnToolsVersion = 14.2;
					};
					E531826329C9343A004A9793 = {
						CreatedOnToolsVersion = 14.2;
						TestTargetID = E531825229C93438004A9793;
					};
					E531826D29C9343A004A9793 = {
						CreatedOnToolsVersion = 14.2;
						TestTargetID = E531825229C93438004A9793;
					};
				};
			};
			buildConfigurationList = E531824E29C93438004A9793 /* Build configuration list for PBXProject "DataSim" */;
			compatibilityVersion = "Xcode 14.0";
			developmentRegion = en;
			hasScannedForEncodings = 0;
			knownRegions = (
				en,
				Base,
			);
			mainGroup = E531824A29C93438004A9793;
			packageReferences = (
				E54F8B7C29DF381600022498 /* XCRemoteSwiftPackageReference "NovaCore" */,
			);
			productRefGroup = E531825429C93438004A9793 /* Products */;
			projectDirPath = "";
			projectRoot = "";
			targets = (
				E531825229C93438004A9793 /* DataSim */,
				E531826329C9343A004A9793 /* DataSimTests */,
				E531826D29C9343A004A9793 /* DataSimUITests */,
			);
		};
/* End PBXProject section */

/* Begin PBXResourcesBuildPhase section */
		E531825129C93438004A9793 /* Resources */ = {
			isa = PBXResourcesBuildPhase;
			buildActionMask = 2147483647;
			files = (
				E531825F29C93439004A9793 /* Preview Assets.xcassets in Resources */,
				E531825B29C93439004A9793 /* Assets.xcassets in Resources */,
			);
			runOnlyForDeploymentPostprocessing = 0;
		};
		E531826229C9343A004A9793 /* Resources */ = {
			isa = PBXResourcesBuildPhase;
			buildActionMask = 2147483647;
			files = (
			);
			runOnlyForDeploymentPostprocessing = 0;
		};
		E531826C29C9343A004A9793 /* Resources */ = {
			isa = PBXResourcesBuildPhase;
			buildActionMask = 2147483647;
			files = (
			);
			runOnlyForDeploymentPostprocessing = 0;
		};
/* End PBXResourcesBuildPhase section */

/* Begin PBXSourcesBuildPhase section */
		E531824F29C93438004A9793 /* Sources */ = {
			isa = PBXSourcesBuildPhase;
			buildActionMask = 2147483647;
			files = (
				E54F8B6C29DBAF5000022498 /* DatapathComponent.swift in Sources */,
				E54F8B7629DE0A4300022498 /* DatapathElement.swift in Sources */,
				E574627129CB69E7005A3434 /* Processor.swift in Sources */,
				E54F8B6E29DDFD7300022498 /* MuxView.swift in Sources */,
				E54F8B6A29DB3D5B00022498 /* CreditsView.swift in Sources */,
				E54F8B7429DE098D00022498 /* ALU.swift in Sources */,
				E531825929C93438004A9793 /* MainView.swift in Sources */,
				E531828429C9354E004A9793 /* ALUShape.swift in Sources */,
				E54F8B6829DB3D1F00022498 /* HelpView.swift in Sources */,
				E54F8B6629DB3CB600022498 /* OptionsView.swift in Sources */,
				E54F8B7A29DE58F100022498 /* DatapathElementView.swift in Sources */,
				E54F8B7029DE037200022498 /* SignExtenderView.swift in Sources */,
				E574627429CB6AA6005A3434 /* Instruction.swift in Sources */,
				E538518A29CB65C200CF59DA /* ALUView.swift in Sources */,
				E54F8B6429DB38EB00022498 /* WorkbenchView.swift in Sources */,
				E531825729C93438004A9793 /* DataSimApp.swift in Sources */,
				E538518829CB5C2000CF59DA /* AdderLineView.swift in Sources */,
			);
			runOnlyForDeploymentPostprocessing = 0;
		};
		E531826029C9343A004A9793 /* Sources */ = {
			isa = PBXSourcesBuildPhase;
			buildActionMask = 2147483647;
			files = (
				E531826929C9343A004A9793 /* DataSimTests.swift in Sources */,
			);
			runOnlyForDeploymentPostprocessing = 0;
		};
		E531826A29C9343A004A9793 /* Sources */ = {
			isa = PBXSourcesBuildPhase;
			buildActionMask = 2147483647;
			files = (
				E531827529C9343A004A9793 /* DataSimUITestsLaunchTests.swift in Sources */,
				E531827329C9343A004A9793 /* DataSimUITests.swift in Sources */,
			);
			runOnlyForDeploymentPostprocessing = 0;
		};
/* End PBXSourcesBuildPhase section */

/* Begin PBXTargetDependency section */
		E531826629C9343A004A9793 /* PBXTargetDependency */ = {
			isa = PBXTargetDependency;
			target = E531825229C93438004A9793 /* DataSim */;
			targetProxy = E531826529C9343A004A9793 /* PBXContainerItemProxy */;
		};
		E531827029C9343A004A9793 /* PBXTargetDependency */ = {
			isa = PBXTargetDependency;
			target = E531825229C93438004A9793 /* DataSim */;
			targetProxy = E531826F29C9343A004A9793 /* PBXContainerItemProxy */;
		};
/* End PBXTargetDependency section */

/* Begin XCBuildConfiguration section */
		E531827629C9343A004A9793 /* Debug */ = {
			isa = XCBuildConfiguration;
			buildSettings = {
				ALWAYS_SEARCH_USER_PATHS = NO;
				CLANG_ANALYZER_NONNULL = YES;
				CLANG_ANALYZER_NUMBER_OBJECT_CONVERSION = YES_AGGRESSIVE;
				CLANG_CXX_LANGUAGE_STANDARD = "gnu++20";
				CLANG_ENABLE_MODULES = YES;
				CLANG_ENABLE_OBJC_ARC = YES;
				CLANG_ENABLE_OBJC_WEAK = YES;
				CLANG_WARN_BLOCK_CAPTURE_AUTORELEASING = YES;
				CLANG_WARN_BOOL_CONVERSION = YES;
				CLANG_WARN_COMMA = YES;
				CLANG_WARN_CONSTANT_CONVERSION = YES;
				CLANG_WARN_DEPRECATED_OBJC_IMPLEMENTATIONS = YES;
				CLANG_WARN_DIRECT_OBJC_ISA_USAGE = YES_ERROR;
				CLANG_WARN_DOCUMENTATION_COMMENTS = YES;
				CLANG_WARN_EMPTY_BODY = YES;
				CLANG_WARN_ENUM_CONVERSION = YES;
				CLANG_WARN_INFINITE_RECURSION = YES;
				CLANG_WARN_INT_CONVERSION = YES;
				CLANG_WARN_NON_LITERAL_NULL_CONVERSION = YES;
				CLANG_WARN_OBJC_IMPLICIT_RETAIN_SELF = YES;
				CLANG_WARN_OBJC_LITERAL_CONVERSION = YES;
				CLANG_WARN_OBJC_ROOT_CLASS = YES_ERROR;
				CLANG_WARN_QUOTED_INCLUDE_IN_FRAMEWORK_HEADER = YES;
				CLANG_WARN_RANGE_LOOP_ANALYSIS = YES;
				CLANG_WARN_STRICT_PROTOTYPES = YES;
				CLANG_WARN_SUSPICIOUS_MOVE = YES;
				CLANG_WARN_UNGUARDED_AVAILABILITY = YES_AGGRESSIVE;
				CLANG_WARN_UNREACHABLE_CODE = YES;
				CLANG_WARN__DUPLICATE_METHOD_MATCH = YES;
				COPY_PHASE_STRIP = NO;
				DEBUG_INFORMATION_FORMAT = dwarf;
				ENABLE_STRICT_OBJC_MSGSEND = YES;
				ENABLE_TESTABILITY = YES;
				GCC_C_LANGUAGE_STANDARD = gnu11;
				GCC_DYNAMIC_NO_PIC = NO;
				GCC_NO_COMMON_BLOCKS = YES;
				GCC_OPTIMIZATION_LEVEL = 0;
				GCC_PREPROCESSOR_DEFINITIONS = (
					"DEBUG=1",
					"$(inherited)",
				);
				GCC_WARN_64_TO_32_BIT_CONVERSION = YES;
				GCC_WARN_ABOUT_RETURN_TYPE = YES_ERROR;
				GCC_WARN_UNDECLARED_SELECTOR = YES;
				GCC_WARN_UNINITIALIZED_AUTOS = YES_AGGRESSIVE;
				GCC_WARN_UNUSED_FUNCTION = YES;
				GCC_WARN_UNUSED_VARIABLE = YES;
				MTL_ENABLE_DEBUG_INFO = INCLUDE_SOURCE;
				MTL_FAST_MATH = YES;
				ONLY_ACTIVE_ARCH = YES;
				SWIFT_ACTIVE_COMPILATION_CONDITIONS = DEBUG;
				SWIFT_OPTIMIZATION_LEVEL = "-Onone";
			};
			name = Debug;
		};
		E531827729C9343A004A9793 /* Release */ = {
			isa = XCBuildConfiguration;
			buildSettings = {
				ALWAYS_SEARCH_USER_PATHS = NO;
				CLANG_ANALYZER_NONNULL = YES;
				CLANG_ANALYZER_NUMBER_OBJECT_CONVERSION = YES_AGGRESSIVE;
				CLANG_CXX_LANGUAGE_STANDARD = "gnu++20";
				CLANG_ENABLE_MODULES = YES;
				CLANG_ENABLE_OBJC_ARC = YES;
				CLANG_ENABLE_OBJC_WEAK = YES;
				CLANG_WARN_BLOCK_CAPTURE_AUTORELEASING = YES;
				CLANG_WARN_BOOL_CONVERSION = YES;
				CLANG_WARN_COMMA = YES;
				CLANG_WARN_CONSTANT_CONVERSION = YES;
				CLANG_WARN_DEPRECATED_OBJC_IMPLEMENTATIONS = YES;
				CLANG_WARN_DIRECT_OBJC_ISA_USAGE = YES_ERROR;
				CLANG_WARN_DOCUMENTATION_COMMENTS = YES;
				CLANG_WARN_EMPTY_BODY = YES;
				CLANG_WARN_ENUM_CONVERSION = YES;
				CLANG_WARN_INFINITE_RECURSION = YES;
				CLANG_WARN_INT_CONVERSION = YES;
				CLANG_WARN_NON_LITERAL_NULL_CONVERSION = YES;
				CLANG_WARN_OBJC_IMPLICIT_RETAIN_SELF = YES;
				CLANG_WARN_OBJC_LITERAL_CONVERSION = YES;
				CLANG_WARN_OBJC_ROOT_CLASS = YES_ERROR;
				CLANG_WARN_QUOTED_INCLUDE_IN_FRAMEWORK_HEADER = YES;
				CLANG_WARN_RANGE_LOOP_ANALYSIS = YES;
				CLANG_WARN_STRICT_PROTOTYPES = YES;
				CLANG_WARN_SUSPICIOUS_MOVE = YES;
				CLANG_WARN_UNGUARDED_AVAILABILITY = YES_AGGRESSIVE;
				CLANG_WARN_UNREACHABLE_CODE = YES;
				CLANG_WARN__DUPLICATE_METHOD_MATCH = YES;
				COPY_PHASE_STRIP = NO;
				DEBUG_INFORMATION_FORMAT = "dwarf-with-dsym";
				ENABLE_NS_ASSERTIONS = NO;
				ENABLE_STRICT_OBJC_MSGSEND = YES;
				GCC_C_LANGUAGE_STANDARD = gnu11;
				GCC_NO_COMMON_BLOCKS = YES;
				GCC_WARN_64_TO_32_BIT_CONVERSION = YES;
				GCC_WARN_ABOUT_RETURN_TYPE = YES_ERROR;
				GCC_WARN_UNDECLARED_SELECTOR = YES;
				GCC_WARN_UNINITIALIZED_AUTOS = YES_AGGRESSIVE;
				GCC_WARN_UNUSED_FUNCTION = YES;
				GCC_WARN_UNUSED_VARIABLE = YES;
				MTL_ENABLE_DEBUG_INFO = NO;
				MTL_FAST_MATH = YES;
				SWIFT_COMPILATION_MODE = wholemodule;
				SWIFT_OPTIMIZATION_LEVEL = "-O";
			};
			name = Release;
		};
		E531827929C9343A004A9793 /* Debug */ = {
			isa = XCBuildConfiguration;
			buildSettings = {
				ASSETCATALOG_COMPILER_APPICON_NAME = AppIcon;
				ASSETCATALOG_COMPILER_GLOBAL_ACCENT_COLOR_NAME = AccentColor;
				CODE_SIGN_ENTITLEMENTS = DataSim/DataSim.entitlements;
				CODE_SIGN_STYLE = Automatic;
				CURRENT_PROJECT_VERSION = 1;
				DEVELOPMENT_ASSET_PATHS = "\"DataSim/Preview Content\"";
				DEVELOPMENT_TEAM = ZTSVWKU48B;
				ENABLE_PREVIEWS = YES;
				GENERATE_INFOPLIST_FILE = YES;
				"INFOPLIST_KEY_UIApplicationSceneManifest_Generation[sdk=iphoneos*]" = YES;
				"INFOPLIST_KEY_UIApplicationSceneManifest_Generation[sdk=iphonesimulator*]" = YES;
				"INFOPLIST_KEY_UIApplicationSupportsIndirectInputEvents[sdk=iphoneos*]" = YES;
				"INFOPLIST_KEY_UIApplicationSupportsIndirectInputEvents[sdk=iphonesimulator*]" = YES;
				"INFOPLIST_KEY_UILaunchScreen_Generation[sdk=iphoneos*]" = YES;
				"INFOPLIST_KEY_UILaunchScreen_Generation[sdk=iphonesimulator*]" = YES;
				INFOPLIST_KEY_UIRequiresFullScreen = YES;
				"INFOPLIST_KEY_UIStatusBarStyle[sdk=iphoneos*]" = UIStatusBarStyleDefault;
				"INFOPLIST_KEY_UIStatusBarStyle[sdk=iphonesimulator*]" = UIStatusBarStyleDefault;
				INFOPLIST_KEY_UISupportedInterfaceOrientations = "UIInterfaceOrientationLandscapeLeft UIInterfaceOrientationLandscapeRight";
				IPHONEOS_DEPLOYMENT_TARGET = 16.2;
				LD_RUNPATH_SEARCH_PATHS = "@executable_path/Frameworks";
				"LD_RUNPATH_SEARCH_PATHS[sdk=macosx*]" = "@executable_path/../Frameworks";
				MACOSX_DEPLOYMENT_TARGET = 13.1;
				MARKETING_VERSION = 1.0;
				PRODUCT_BUNDLE_IDENTIFIER = us.arcstone.DataSim;
				PRODUCT_NAME = "$(TARGET_NAME)";
				SDKROOT = auto;
				SUPPORTED_PLATFORMS = "iphoneos iphonesimulator";
				SUPPORTS_MACCATALYST = NO;
				SUPPORTS_MAC_DESIGNED_FOR_IPHONE_IPAD = NO;
				SWIFT_EMIT_LOC_STRINGS = YES;
				SWIFT_VERSION = 5.0;
				TARGETED_DEVICE_FAMILY = "1,2";
			};
			name = Debug;
		};
		E531827A29C9343A004A9793 /* Release */ = {
			isa = XCBuildConfiguration;
			buildSettings = {
				ASSETCATALOG_COMPILER_APPICON_NAME = AppIcon;
				ASSETCATALOG_COMPILER_GLOBAL_ACCENT_COLOR_NAME = AccentColor;
				CODE_SIGN_ENTITLEMENTS = DataSim/DataSim.entitlements;
				CODE_SIGN_STYLE = Automatic;
				CURRENT_PROJECT_VERSION = 1;
				DEVELOPMENT_ASSET_PATHS = "\"DataSim/Preview Content\"";
				DEVELOPMENT_TEAM = ZTSVWKU48B;
				ENABLE_PREVIEWS = YES;
				GENERATE_INFOPLIST_FILE = YES;
				"INFOPLIST_KEY_UIApplicationSceneManifest_Generation[sdk=iphoneos*]" = YES;
				"INFOPLIST_KEY_UIApplicationSceneManifest_Generation[sdk=iphonesimulator*]" = YES;
				"INFOPLIST_KEY_UIApplicationSupportsIndirectInputEvents[sdk=iphoneos*]" = YES;
				"INFOPLIST_KEY_UIApplicationSupportsIndirectInputEvents[sdk=iphonesimulator*]" = YES;
				"INFOPLIST_KEY_UILaunchScreen_Generation[sdk=iphoneos*]" = YES;
				"INFOPLIST_KEY_UILaunchScreen_Generation[sdk=iphonesimulator*]" = YES;
				INFOPLIST_KEY_UIRequiresFullScreen = YES;
				"INFOPLIST_KEY_UIStatusBarStyle[sdk=iphoneos*]" = UIStatusBarStyleDefault;
				"INFOPLIST_KEY_UIStatusBarStyle[sdk=iphonesimulator*]" = UIStatusBarStyleDefault;
				INFOPLIST_KEY_UISupportedInterfaceOrientations = "UIInterfaceOrientationLandscapeLeft UIInterfaceOrientationLandscapeRight";
				IPHONEOS_DEPLOYMENT_TARGET = 16.2;
				LD_RUNPATH_SEARCH_PATHS = "@executable_path/Frameworks";
				"LD_RUNPATH_SEARCH_PATHS[sdk=macosx*]" = "@executable_path/../Frameworks";
				MACOSX_DEPLOYMENT_TARGET = 13.1;
				MARKETING_VERSION = 1.0;
				PRODUCT_BUNDLE_IDENTIFIER = us.arcstone.DataSim;
				PRODUCT_NAME = "$(TARGET_NAME)";
				SDKROOT = auto;
				SUPPORTED_PLATFORMS = "iphoneos iphonesimulator";
				SUPPORTS_MACCATALYST = NO;
				SUPPORTS_MAC_DESIGNED_FOR_IPHONE_IPAD = NO;
				SWIFT_EMIT_LOC_STRINGS = YES;
				SWIFT_VERSION = 5.0;
				TARGETED_DEVICE_FAMILY = "1,2";
			};
			name = Release;
		};
		E531827C29C9343A004A9793 /* Debug */ = {
			isa = XCBuildConfiguration;
			buildSettings = {
				ALWAYS_EMBED_SWIFT_STANDARD_LIBRARIES = YES;
				BUNDLE_LOADER = "$(TEST_HOST)";
				CODE_SIGN_STYLE = Automatic;
				CURRENT_PROJECT_VERSION = 1;
				GENERATE_INFOPLIST_FILE = YES;
				IPHONEOS_DEPLOYMENT_TARGET = 16.2;
				MACOSX_DEPLOYMENT_TARGET = 13.1;
				MARKETING_VERSION = 1.0;
				PRODUCT_BUNDLE_IDENTIFIER = us.arcstone.DataSimTests;
				PRODUCT_NAME = "$(TARGET_NAME)";
				SDKROOT = auto;
				SUPPORTED_PLATFORMS = "iphoneos iphonesimulator macosx";
				SWIFT_EMIT_LOC_STRINGS = NO;
				SWIFT_VERSION = 5.0;
				TARGETED_DEVICE_FAMILY = "1,2";
				TEST_HOST = "$(BUILT_PRODUCTS_DIR)/DataSim.app/$(BUNDLE_EXECUTABLE_FOLDER_PATH)/DataSim";
			};
			name = Debug;
		};
		E531827D29C9343A004A9793 /* Release */ = {
			isa = XCBuildConfiguration;
			buildSettings = {
				ALWAYS_EMBED_SWIFT_STANDARD_LIBRARIES = YES;
				BUNDLE_LOADER = "$(TEST_HOST)";
				CODE_SIGN_STYLE = Automatic;
				CURRENT_PROJECT_VERSION = 1;
				GENERATE_INFOPLIST_FILE = YES;
				IPHONEOS_DEPLOYMENT_TARGET = 16.2;
				MACOSX_DEPLOYMENT_TARGET = 13.1;
				MARKETING_VERSION = 1.0;
				PRODUCT_BUNDLE_IDENTIFIER = us.arcstone.DataSimTests;
				PRODUCT_NAME = "$(TARGET_NAME)";
				SDKROOT = auto;
				SUPPORTED_PLATFORMS = "iphoneos iphonesimulator macosx";
				SWIFT_EMIT_LOC_STRINGS = NO;
				SWIFT_VERSION = 5.0;
				TARGETED_DEVICE_FAMILY = "1,2";
				TEST_HOST = "$(BUILT_PRODUCTS_DIR)/DataSim.app/$(BUNDLE_EXECUTABLE_FOLDER_PATH)/DataSim";
			};
			name = Release;
		};
		E531827F29C9343A004A9793 /* Debug */ = {
			isa = XCBuildConfiguration;
			buildSettings = {
				ALWAYS_EMBED_SWIFT_STANDARD_LIBRARIES = YES;
				CODE_SIGN_STYLE = Automatic;
				CURRENT_PROJECT_VERSION = 1;
				GENERATE_INFOPLIST_FILE = YES;
				IPHONEOS_DEPLOYMENT_TARGET = 16.2;
				MACOSX_DEPLOYMENT_TARGET = 13.1;
				MARKETING_VERSION = 1.0;
				PRODUCT_BUNDLE_IDENTIFIER = us.arcstone.DataSimUITests;
				PRODUCT_NAME = "$(TARGET_NAME)";
				SDKROOT = auto;
				SUPPORTED_PLATFORMS = "iphoneos iphonesimulator macosx";
				SWIFT_EMIT_LOC_STRINGS = NO;
				SWIFT_VERSION = 5.0;
				TARGETED_DEVICE_FAMILY = "1,2";
				TEST_TARGET_NAME = DataSim;
			};
			name = Debug;
		};
		E531828029C9343A004A9793 /* Release */ = {
			isa = XCBuildConfiguration;
			buildSettings = {
				ALWAYS_EMBED_SWIFT_STANDARD_LIBRARIES = YES;
				CODE_SIGN_STYLE = Automatic;
				CURRENT_PROJECT_VERSION = 1;
				GENERATE_INFOPLIST_FILE = YES;
				IPHONEOS_DEPLOYMENT_TARGET = 16.2;
				MACOSX_DEPLOYMENT_TARGET = 13.1;
				MARKETING_VERSION = 1.0;
				PRODUCT_BUNDLE_IDENTIFIER = us.arcstone.DataSimUITests;
				PRODUCT_NAME = "$(TARGET_NAME)";
				SDKROOT = auto;
				SUPPORTED_PLATFORMS = "iphoneos iphonesimulator macosx";
				SWIFT_EMIT_LOC_STRINGS = NO;
				SWIFT_VERSION = 5.0;
				TARGETED_DEVICE_FAMILY = "1,2";
				TEST_TARGET_NAME = DataSim;
			};
			name = Release;
		};
/* End XCBuildConfiguration section */

/* Begin XCConfigurationList section */
		E531824E29C93438004A9793 /* Build configuration list for PBXProject "DataSim" */ = {
			isa = XCConfigurationList;
			buildConfigurations = (
				E531827629C9343A004A9793 /* Debug */,
				E531827729C9343A004A9793 /* Release */,
			);
			defaultConfigurationIsVisible = 0;
			defaultConfigurationName = Release;
		};
		E531827829C9343A004A9793 /* Build configuration list for PBXNativeTarget "DataSim" */ = {
			isa = XCConfigurationList;
			buildConfigurations = (
				E531827929C9343A004A9793 /* Debug */,
				E531827A29C9343A004A9793 /* Release */,
			);
			defaultConfigurationIsVisible = 0;
			defaultConfigurationName = Release;
		};
		E531827B29C9343A004A9793 /* Build configuration list for PBXNativeTarget "DataSimTests" */ = {
			isa = XCConfigurationList;
			buildConfigurations = (
				E531827C29C9343A004A9793 /* Debug */,
				E531827D29C9343A004A9793 /* Release */,
			);
			defaultConfigurationIsVisible = 0;
			defaultConfigurationName = Release;
		};
		E531827E29C9343A004A9793 /* Build configuration list for PBXNativeTarget "DataSimUITests" */ = {
			isa = XCConfigurationList;
			buildConfigurations = (
				E531827F29C9343A004A9793 /* Debug */,
				E531828029C9343A004A9793 /* Release */,
			);
			defaultConfigurationIsVisible = 0;
			defaultConfigurationName = Release;
		};
/* End XCConfigurationList section */

/* Begin XCRemoteSwiftPackageReference section */
		E54F8B7C29DF381600022498 /* XCRemoteSwiftPackageReference "NovaCore" */ = {
			isa = XCRemoteSwiftPackageReference;
			repositoryURL = "https://github.com/CarsonAurum/NovaCore";
			requirement = {
				branch = main;
				kind = branch;
			};
		};
/* End XCRemoteSwiftPackageReference section */

/* Begin XCSwiftPackageProductDependency section */
		E54F8B7D29DF381600022498 /* NovaCore */ = {
			isa = XCSwiftPackageProductDependency;
			package = E54F8B7C29DF381600022498 /* XCRemoteSwiftPackageReference "NovaCore" */;
			productName = NovaCore;
		};
/* End XCSwiftPackageProductDependency section */
	};
	rootObject = E531824B29C93438004A9793 /* Project object */;
}
